// !$*UTF8*$!
{
	archiveVersion = 1;
	classes = {
	};
	objectVersion = 55;
	objects = {

/* Begin PBXBuildFile section */
		CA0FDF4C28064EE7006AF153 /* AppDelegate.swift in Sources */ = {isa = PBXBuildFile; fileRef = CA0FDF4B28064EE7006AF153 /* AppDelegate.swift */; };
		CA0FDF4E28064EE7006AF153 /* SceneDelegate.swift in Sources */ = {isa = PBXBuildFile; fileRef = CA0FDF4D28064EE7006AF153 /* SceneDelegate.swift */; };
		CA0FDF5028064EE7006AF153 /* ViewController.swift in Sources */ = {isa = PBXBuildFile; fileRef = CA0FDF4F28064EE7006AF153 /* ViewController.swift */; };
		CA0FDF5328064EE7006AF153 /* Main.storyboard in Resources */ = {isa = PBXBuildFile; fileRef = CA0FDF5128064EE7006AF153 /* Main.storyboard */; };
		CA0FDF5628064EE7006AF153 /* Final_Project_Guray.xcdatamodeld in Sources */ = {isa = PBXBuildFile; fileRef = CA0FDF5428064EE7006AF153 /* Final_Project_Guray.xcdatamodeld */; };
		CA0FDF5828064EEB006AF153 /* Assets.xcassets in Resources */ = {isa = PBXBuildFile; fileRef = CA0FDF5728064EEB006AF153 /* Assets.xcassets */; };
		CA0FDF5B28064EEB006AF153 /* LaunchScreen.storyboard in Resources */ = {isa = PBXBuildFile; fileRef = CA0FDF5928064EEB006AF153 /* LaunchScreen.storyboard */; };
		CA0FDF632806584E006AF153 /* NetworkService.swift in Sources */ = {isa = PBXBuildFile; fileRef = CA0FDF622806584E006AF153 /* NetworkService.swift */; };
		CA0FDF652806594D006AF153 /* ModelClasses.swift in Sources */ = {isa = PBXBuildFile; fileRef = CA0FDF642806594D006AF153 /* ModelClasses.swift */; };
		CA0FDF672808C785006AF153 /* FavouriteCounrtyListVC.swift in Sources */ = {isa = PBXBuildFile; fileRef = CA0FDF662808C785006AF153 /* FavouriteCounrtyListVC.swift */; };
		CA0FDF692808D000006AF153 /* cellForTodaysDataTableViewCell.swift in Sources */ = {isa = PBXBuildFile; fileRef = CA0FDF682808D000006AF153 /* cellForTodaysDataTableViewCell.swift */; };
		CA0FDF6D2808F513006AF153 /* cellForCountryTableViewCell.swift in Sources */ = {isa = PBXBuildFile; fileRef = CA0FDF6C2808F513006AF153 /* cellForCountryTableViewCell.swift */; };
		CA0FDF6F2808F94A006AF153 /* CoreDataService.swift in Sources */ = {isa = PBXBuildFile; fileRef = CA0FDF6E2808F94A006AF153 /* CoreDataService.swift */; };
		CA0FDF712808FC6D006AF153 /* fromCountryVC.swift in Sources */ = {isa = PBXBuildFile; fileRef = CA0FDF702808FC6D006AF153 /* fromCountryVC.swift */; };
		CA0FDF732809DCE7006AF153 /* cellForhistoricalDataTableViewCell.swift in Sources */ = {isa = PBXBuildFile; fileRef = CA0FDF722809DCE7006AF153 /* cellForhistoricalDataTableViewCell.swift */; };
/* End PBXBuildFile section */

/* Begin PBXFileReference section */
		CA0FDF4828064EE7006AF153 /* Final_Project_Guray.app */ = {isa = PBXFileReference; explicitFileType = wrapper.application; includeInIndex = 0; path = Final_Project_Guray.app; sourceTree = BUILT_PRODUCTS_DIR; };
		CA0FDF4B28064EE7006AF153 /* AppDelegate.swift */ = {isa = PBXFileReference; lastKnownFileType = sourcecode.swift; path = AppDelegate.swift; sourceTree = "<group>"; };
		CA0FDF4D28064EE7006AF153 /* SceneDelegate.swift */ = {isa = PBXFileReference; lastKnownFileType = sourcecode.swift; path = SceneDelegate.swift; sourceTree = "<group>"; };
		CA0FDF4F28064EE7006AF153 /* ViewController.swift */ = {isa = PBXFileReference; lastKnownFileType = sourcecode.swift; path = ViewController.swift; sourceTree = "<group>"; };
		CA0FDF5228064EE7006AF153 /* Base */ = {isa = PBXFileReference; lastKnownFileType = file.storyboard; name = Base; path = Base.lproj/Main.storyboard; sourceTree = "<group>"; };
		CA0FDF5528064EE7006AF153 /* Final_Project_Guray.xcdatamodel */ = {isa = PBXFileReference; lastKnownFileType = wrapper.xcdatamodel; path = Final_Project_Guray.xcdatamodel; sourceTree = "<group>"; };
		CA0FDF5728064EEB006AF153 /* Assets.xcassets */ = {isa = PBXFileReference; lastKnownFileType = folder.assetcatalog; path = Assets.xcassets; sourceTree = "<group>"; };
		CA0FDF5A28064EEB006AF153 /* Base */ = {isa = PBXFileReference; lastKnownFileType = file.storyboard; name = Base; path = Base.lproj/LaunchScreen.storyboard; sourceTree = "<group>"; };
		CA0FDF5C28064EEB006AF153 /* Info.plist */ = {isa = PBXFileReference; lastKnownFileType = text.plist.xml; path = Info.plist; sourceTree = "<group>"; };
		CA0FDF622806584E006AF153 /* NetworkService.swift */ = {isa = PBXFileReference; lastKnownFileType = sourcecode.swift; path = NetworkService.swift; sourceTree = "<group>"; };
		CA0FDF642806594D006AF153 /* ModelClasses.swift */ = {isa = PBXFileReference; lastKnownFileType = sourcecode.swift; path = ModelClasses.swift; sourceTree = "<group>"; };
		CA0FDF662808C785006AF153 /* FavouriteCounrtyListVC.swift */ = {isa = PBXFileReference; lastKnownFileType = sourcecode.swift; path = FavouriteCounrtyListVC.swift; sourceTree = "<group>"; };
		CA0FDF682808D000006AF153 /* cellForTodaysDataTableViewCell.swift */ = {isa = PBXFileReference; lastKnownFileType = sourcecode.swift; path = cellForTodaysDataTableViewCell.swift; sourceTree = "<group>"; };
		CA0FDF6C2808F513006AF153 /* cellForCountryTableViewCell.swift */ = {isa = PBXFileReference; lastKnownFileType = sourcecode.swift; path = cellForCountryTableViewCell.swift; sourceTree = "<group>"; };
		CA0FDF6E2808F94A006AF153 /* CoreDataService.swift */ = {isa = PBXFileReference; lastKnownFileType = sourcecode.swift; path = CoreDataService.swift; sourceTree = "<group>"; };
		CA0FDF702808FC6D006AF153 /* fromCountryVC.swift */ = {isa = PBXFileReference; lastKnownFileType = sourcecode.swift; path = fromCountryVC.swift; sourceTree = "<group>"; };
		CA0FDF722809DCE7006AF153 /* cellForhistoricalDataTableViewCell.swift */ = {isa = PBXFileReference; lastKnownFileType = sourcecode.swift; path = cellForhistoricalDataTableViewCell.swift; sourceTree = "<group>"; };
/* End PBXFileReference section */

/* Begin PBXFrameworksBuildPhase section */
		CA0FDF4528064EE7006AF153 /* Frameworks */ = {
			isa = PBXFrameworksBuildPhase;
			buildActionMask = 2147483647;
			files = (
			);
			runOnlyForDeploymentPostprocessing = 0;
		};
/* End PBXFrameworksBuildPhase section */

/* Begin PBXGroup section */
		CA0FDF3F28064EE7006AF153 = {
			isa = PBXGroup;
			children = (
				CA0FDF4A28064EE7006AF153 /* Final_Project_Guray */,
				CA0FDF4928064EE7006AF153 /* Products */,
			);
			sourceTree = "<group>";
		};
		CA0FDF4928064EE7006AF153 /* Products */ = {
			isa = PBXGroup;
			children = (
				CA0FDF4828064EE7006AF153 /* Final_Project_Guray.app */,
			);
			name = Products;
			sourceTree = "<group>";
		};
		CA0FDF4A28064EE7006AF153 /* Final_Project_Guray */ = {
			isa = PBXGroup;
			children = (
				CA0FDF4B28064EE7006AF153 /* AppDelegate.swift */,
				CA0FDF4D28064EE7006AF153 /* SceneDelegate.swift */,
				CA0FDF4F28064EE7006AF153 /* ViewController.swift */,
				CA0FDF5128064EE7006AF153 /* Main.storyboard */,
				CA0FDF5728064EEB006AF153 /* Assets.xcassets */,
				CA0FDF5928064EEB006AF153 /* LaunchScreen.storyboard */,
				CA0FDF5C28064EEB006AF153 /* Info.plist */,
				CA0FDF5428064EE7006AF153 /* Final_Project_Guray.xcdatamodeld */,
				CA0FDF622806584E006AF153 /* NetworkService.swift */,
				CA0FDF642806594D006AF153 /* ModelClasses.swift */,
				CA0FDF662808C785006AF153 /* FavouriteCounrtyListVC.swift */,
				CA0FDF682808D000006AF153 /* cellForTodaysDataTableViewCell.swift */,
				CA0FDF6C2808F513006AF153 /* cellForCountryTableViewCell.swift */,
				CA0FDF6E2808F94A006AF153 /* CoreDataService.swift */,
				CA0FDF702808FC6D006AF153 /* fromCountryVC.swift */,
				CA0FDF722809DCE7006AF153 /* cellForhistoricalDataTableViewCell.swift */,
			);
			path = Final_Project_Guray;
			sourceTree = "<group>";
		};
/* End PBXGroup section */

/* Begin PBXNativeTarget section */
		CA0FDF4728064EE7006AF153 /* Final_Project_Guray */ = {
			isa = PBXNativeTarget;
			buildConfigurationList = CA0FDF5F28064EEB006AF153 /* Build configuration list for PBXNativeTarget "Final_Project_Guray" */;
			buildPhases = (
				CA0FDF4428064EE7006AF153 /* Sources */,
				CA0FDF4528064EE7006AF153 /* Frameworks */,
				CA0FDF4628064EE7006AF153 /* Resources */,
			);
			buildRules = (
			);
			dependencies = (
			);
			name = Final_Project_Guray;
			productName = Final_Project_Guray;
			productReference = CA0FDF4828064EE7006AF153 /* Final_Project_Guray.app */;
			productType = "com.apple.product-type.application";
		};
/* End PBXNativeTarget section */

/* Begin PBXProject section */
		CA0FDF4028064EE7006AF153 /* Project object */ = {
			isa = PBXProject;
			attributes = {
				BuildIndependentTargetsInParallel = 1;
				LastSwiftUpdateCheck = 1320;
				LastUpgradeCheck = 1320;
				TargetAttributes = {
					CA0FDF4728064EE7006AF153 = {
						CreatedOnToolsVersion = 13.2.1;
					};
				};
			};
			buildConfigurationList = CA0FDF4328064EE7006AF153 /* Build configuration list for PBXProject "Final_Project_Guray" */;
			compatibilityVersion = "Xcode 13.0";
			developmentRegion = en;
			hasScannedForEncodings = 0;
			knownRegions = (
				en,
				Base,
			);
			mainGroup = CA0FDF3F28064EE7006AF153;
			productRefGroup = CA0FDF4928064EE7006AF153 /* Products */;
			projectDirPath = "";
			projectRoot = "";
			targets = (
				CA0FDF4728064EE7006AF153 /* Final_Project_Guray */,
			);
		};
/* End PBXProject section */

/* Begin PBXResourcesBuildPhase section */
		CA0FDF4628064EE7006AF153 /* Resources */ = {
			isa = PBXResourcesBuildPhase;
			buildActionMask = 2147483647;
			files = (
				CA0FDF5B28064EEB006AF153 /* LaunchScreen.storyboard in Resources */,
				CA0FDF5828064EEB006AF153 /* Assets.xcassets in Resources */,
				CA0FDF5328064EE7006AF153 /* Main.storyboard in Resources */,
			);
			runOnlyForDeploymentPostprocessing = 0;
		};
/* End PBXResourcesBuildPhase section */

/* Begin PBXSourcesBuildPhase section */
		CA0FDF4428064EE7006AF153 /* Sources */ = {
			isa = PBXSourcesBuildPhase;
			buildActionMask = 2147483647;
			files = (
				CA0FDF632806584E006AF153 /* NetworkService.swift in Sources */,
				CA0FDF5028064EE7006AF153 /* ViewController.swift in Sources */,
				CA0FDF6F2808F94A006AF153 /* CoreDataService.swift in Sources */,
				CA0FDF4C28064EE7006AF153 /* AppDelegate.swift in Sources */,
				CA0FDF672808C785006AF153 /* FavouriteCounrtyListVC.swift in Sources */,
				CA0FDF712808FC6D006AF153 /* fromCountryVC.swift in Sources */,
				CA0FDF5628064EE7006AF153 /* Final_Project_Guray.xcdatamodeld in Sources */,
				CA0FDF6D2808F513006AF153 /* cellForCountryTableViewCell.swift in Sources */,
				CA0FDF652806594D006AF153 /* ModelClasses.swift in Sources */,
				CA0FDF732809DCE7006AF153 /* cellForhistoricalDataTableViewCell.swift in Sources */,
				CA0FDF4E28064EE7006AF153 /* SceneDelegate.swift in Sources */,
				CA0FDF692808D000006AF153 /* cellForTodaysDataTableViewCell.swift in Sources */,
			);
			runOnlyForDeploymentPostprocessing = 0;
		};
/* End PBXSourcesBuildPhase section */

/* Begin PBXVariantGroup section */
		CA0FDF5128064EE7006AF153 /* Main.storyboard */ = {
			isa = PBXVariantGroup;
			children = (
				CA0FDF5228064EE7006AF153 /* Base */,
			);
			name = Main.storyboard;
			sourceTree = "<group>";
		};
		CA0FDF5928064EEB006AF153 /* LaunchScreen.storyboard */ = {
			isa = PBXVariantGroup;
			children = (
				CA0FDF5A28064EEB006AF153 /* Base */,
			);
			name = LaunchScreen.storyboard;
			sourceTree = "<group>";
		};
/* End PBXVariantGroup section */

/* Begin XCBuildConfiguration section */
		CA0FDF5D28064EEB006AF153 /* Debug */ = {
			isa = XCBuildConfiguration;
			buildSettings = {
				ALWAYS_SEARCH_USER_PATHS = NO;
				CLANG_ANALYZER_NONNULL = YES;
				CLANG_ANALYZER_NUMBER_OBJECT_CONVERSION = YES_AGGRESSIVE;
				CLANG_CXX_LANGUAGE_STANDARD = "gnu++17";
				CLANG_CXX_LIBRARY = "libc++";
				CLANG_ENABLE_MODULES = YES;
				CLANG_ENABLE_OBJC_ARC = YES;
				CLANG_ENABLE_OBJC_WEAK = YES;
				CLANG_WARN_BLOCK_CAPTURE_AUTORELEASING = YES;
				CLANG_WARN_BOOL_CONVERSION = YES;
				CLANG_WARN_COMMA = YES;
				CLANG_WARN_CONSTANT_CONVERSION = YES;
				CLANG_WARN_DEPRECATED_OBJC_IMPLEMENTATIONS = YES;
				CLANG_WARN_DIRECT_OBJC_ISA_USAGE = YES_ERROR;
				CLANG_WARN_DOCUMENTATION_COMMENTS = YES;
				CLANG_WARN_EMPTY_BODY = YES;
				CLANG_WARN_ENUM_CONVERSION = YES;
				CLANG_WARN_INFINITE_RECURSION = YES;
				CLANG_WARN_INT_CONVERSION = YES;
				CLANG_WARN_NON_LITERAL_NULL_CONVERSION = YES;
				CLANG_WARN_OBJC_IMPLICIT_RETAIN_SELF = YES;
				CLANG_WARN_OBJC_LITERAL_CONVERSION = YES;
				CLANG_WARN_OBJC_ROOT_CLASS = YES_ERROR;
				CLANG_WARN_QUOTED_INCLUDE_IN_FRAMEWORK_HEADER = YES;
				CLANG_WARN_RANGE_LOOP_ANALYSIS = YES;
				CLANG_WARN_STRICT_PROTOTYPES = YES;
				CLANG_WARN_SUSPICIOUS_MOVE = YES;
				CLANG_WARN_UNGUARDED_AVAILABILITY = YES_AGGRESSIVE;
				CLANG_WARN_UNREACHABLE_CODE = YES;
				CLANG_WARN__DUPLICATE_METHOD_MATCH = YES;
				COPY_PHASE_STRIP = NO;
				DEBUG_INFORMATION_FORMAT = dwarf;
				ENABLE_STRICT_OBJC_MSGSEND = YES;
				ENABLE_TESTABILITY = YES;
				GCC_C_LANGUAGE_STANDARD = gnu11;
				GCC_DYNAMIC_NO_PIC = NO;
				GCC_NO_COMMON_BLOCKS = YES;
				GCC_OPTIMIZATION_LEVEL = 0;
				GCC_PREPROCESSOR_DEFINITIONS = (
					"DEBUG=1",
					"$(inherited)",
				);
				GCC_WARN_64_TO_32_BIT_CONVERSION = YES;
				GCC_WARN_ABOUT_RETURN_TYPE = YES_ERROR;
				GCC_WARN_UNDECLARED_SELECTOR = YES;
				GCC_WARN_UNINITIALIZED_AUTOS = YES_AGGRESSIVE;
				GCC_WARN_UNUSED_FUNCTION = YES;
				GCC_WARN_UNUSED_VARIABLE = YES;
				IPHONEOS_DEPLOYMENT_TARGET = 15.2;
				MTL_ENABLE_DEBUG_INFO = INCLUDE_SOURCE;
				MTL_FAST_MATH = YES;
				ONLY_ACTIVE_ARCH = YES;
				SDKROOT = iphoneos;
				SWIFT_ACTIVE_COMPILATION_CONDITIONS = DEBUG;
				SWIFT_OPTIMIZATION_LEVEL = "-Onone";
			};
			name = Debug;
		};
		CA0FDF5E28064EEB006AF153 /* Release */ = {
			isa = XCBuildConfiguration;
			buildSettings = {
				ALWAYS_SEARCH_USER_PATHS = NO;
				CLANG_ANALYZER_NONNULL = YES;
				CLANG_ANALYZER_NUMBER_OBJECT_CONVERSION = YES_AGGRESSIVE;
				CLANG_CXX_LANGUAGE_STANDARD = "gnu++17";
				CLANG_CXX_LIBRARY = "libc++";
				CLANG_ENABLE_MODULES = YES;
				CLANG_ENABLE_OBJC_ARC = YES;
				CLANG_ENABLE_OBJC_WEAK = YES;
				CLANG_WARN_BLOCK_CAPTURE_AUTORELEASING = YES;
				CLANG_WARN_BOOL_CONVERSION = YES;
				CLANG_WARN_COMMA = YES;
				CLANG_WARN_CONSTANT_CONVERSION = YES;
				CLANG_WARN_DEPRECATED_OBJC_IMPLEMENTATIONS = YES;
				CLANG_WARN_DIRECT_OBJC_ISA_USAGE = YES_ERROR;
				CLANG_WARN_DOCUMENTATION_COMMENTS = YES;
				CLANG_WARN_EMPTY_BODY = YES;
				CLANG_WARN_ENUM_CONVERSION = YES;
				CLANG_WARN_INFINITE_RECURSION = YES;
				CLANG_WARN_INT_CONVERSION = YES;
				CLANG_WARN_NON_LITERAL_NULL_CONVERSION = YES;
				CLANG_WARN_OBJC_IMPLICIT_RETAIN_SELF = YES;
				CLANG_WARN_OBJC_LITERAL_CONVERSION = YES;
				CLANG_WARN_OBJC_ROOT_CLASS = YES_ERROR;
				CLANG_WARN_QUOTED_INCLUDE_IN_FRAMEWORK_HEADER = YES;
				CLANG_WARN_RANGE_LOOP_ANALYSIS = YES;
				CLANG_WARN_STRICT_PROTOTYPES = YES;
				CLANG_WARN_SUSPICIOUS_MOVE = YES;
				CLANG_WARN_UNGUARDED_AVAILABILITY = YES_AGGRESSIVE;
				CLANG_WARN_UNREACHABLE_CODE = YES;
				CLANG_WARN__DUPLICATE_METHOD_MATCH = YES;
				COPY_PHASE_STRIP = NO;
				DEBUG_INFORMATION_FORMAT = "dwarf-with-dsym";
				ENABLE_NS_ASSERTIONS = NO;
				ENABLE_STRICT_OBJC_MSGSEND = YES;
				GCC_C_LANGUAGE_STANDARD = gnu11;
				GCC_NO_COMMON_BLOCKS = YES;
				GCC_WARN_64_TO_32_BIT_CONVERSION = YES;
				GCC_WARN_ABOUT_RETURN_TYPE = YES_ERROR;
				GCC_WARN_UNDECLARED_SELECTOR = YES;
				GCC_WARN_UNINITIALIZED_AUTOS = YES_AGGRESSIVE;
				GCC_WARN_UNUSED_FUNCTION = YES;
				GCC_WARN_UNUSED_VARIABLE = YES;
				IPHONEOS_DEPLOYMENT_TARGET = 15.2;
				MTL_ENABLE_DEBUG_INFO = NO;
				MTL_FAST_MATH = YES;
				SDKROOT = iphoneos;
				SWIFT_COMPILATION_MODE = wholemodule;
				SWIFT_OPTIMIZATION_LEVEL = "-O";
				VALIDATE_PRODUCT = YES;
			};
			name = Release;
		};
		CA0FDF6028064EEB006AF153 /* Debug */ = {
			isa = XCBuildConfiguration;
			buildSettings = {
				ASSETCATALOG_COMPILER_APPICON_NAME = AppIcon;
				ASSETCATALOG_COMPILER_GLOBAL_ACCENT_COLOR_NAME = AccentColor;
				CODE_SIGN_STYLE = Automatic;
				CURRENT_PROJECT_VERSION = 1;
				GENERATE_INFOPLIST_FILE = YES;
				INFOPLIST_FILE = Final_Project_Guray/Info.plist;
				INFOPLIST_KEY_UIApplicationSupportsIndirectInputEvents = YES;
				INFOPLIST_KEY_UILaunchStoryboardName = LaunchScreen;
				INFOPLIST_KEY_UIMainStoryboardFile = Main;
				INFOPLIST_KEY_UISupportedInterfaceOrientations_iPad = "UIInterfaceOrientationPortrait UIInterfaceOrientationPortraitUpsideDown UIInterfaceOrientationLandscapeLeft UIInterfaceOrientationLandscapeRight";
				INFOPLIST_KEY_UISupportedInterfaceOrientations_iPhone = "UIInterfaceOrientationPortrait UIInterfaceOrientationLandscapeLeft UIInterfaceOrientationLandscapeRight";
				LD_RUNPATH_SEARCH_PATHS = (
					"$(inherited)",
					"@executable_path/Frameworks",
				);
				MARKETING_VERSION = 1.0;
				PRODUCT_BUNDLE_IDENTIFIER = "ca.humber.Final-Project-Guray";
				PRODUCT_NAME = "$(TARGET_NAME)";
				SWIFT_EMIT_LOC_STRINGS = YES;
				SWIFT_VERSION = 5.0;
				TARGETED_DEVICE_FAMILY = "1,2";
			};
			name = Debug;
		};
		CA0FDF6128064EEB006AF153 /* Release */ = {
			isa = XCBuildConfiguration;
			buildSettings = {
				ASSETCATALOG_COMPILER_APPICON_NAME = AppIcon;
				ASSETCATALOG_COMPILER_GLOBAL_ACCENT_COLOR_NAME = AccentColor;
				CODE_SIGN_STYLE = Automatic;
				CURRENT_PROJECT_VERSION = 1;
				GENERATE_INFOPLIST_FILE = YES;
				INFOPLIST_FILE = Final_Project_Guray/Info.plist;
				INFOPLIST_KEY_UIApplicationSupportsIndirectInputEvents = YES;
				INFOPLIST_KEY_UILaunchStoryboardName = LaunchScreen;
				INFOPLIST_KEY_UIMainStoryboardFile = Main;
				INFOPLIST_KEY_UISupportedInterfaceOrientations_iPad = "UIInterfaceOrientationPortrait UIInterfaceOrientationPortraitUpsideDown UIInterfaceOrientationLandscapeLeft UIInterfaceOrientationLandscapeRight";
				INFOPLIST_KEY_UISupportedInterfaceOrientations_iPhone = "UIInterfaceOrientationPortrait UIInterfaceOrientationLandscapeLeft UIInterfaceOrientationLandscapeRight";
				LD_RUNPATH_SEARCH_PATHS = (
					"$(inherited)",
					"@executable_path/Frameworks",
				);
				MARKETING_VERSION = 1.0;
				PRODUCT_BUNDLE_IDENTIFIER = "ca.humber.Final-Project-Guray";
				PRODUCT_NAME = "$(TARGET_NAME)";
				SWIFT_EMIT_LOC_STRINGS = YES;
				SWIFT_VERSION = 5.0;
				TARGETED_DEVICE_FAMILY = "1,2";
			};
			name = Release;
		};
/* End XCBuildConfiguration section */

/* Begin XCConfigurationList section */
		CA0FDF4328064EE7006AF153 /* Build configuration list for PBXProject "Final_Project_Guray" */ = {
			isa = XCConfigurationList;
			buildConfigurations = (
				CA0FDF5D28064EEB006AF153 /* Debug */,
				CA0FDF5E28064EEB006AF153 /* Release */,
			);
			defaultConfigurationIsVisible = 0;
			defaultConfigurationName = Release;
		};
		CA0FDF5F28064EEB006AF153 /* Build configuration list for PBXNativeTarget "Final_Project_Guray" */ = {
			isa = XCConfigurationList;
			buildConfigurations = (
				CA0FDF6028064EEB006AF153 /* Debug */,
				CA0FDF6128064EEB006AF153 /* Release */,
			);
			defaultConfigurationIsVisible = 0;
			defaultConfigurationName = Release;
		};
/* End XCConfigurationList section */

/* Begin XCVersionGroup section */
		CA0FDF5428064EE7006AF153 /* Final_Project_Guray.xcdatamodeld */ = {
			isa = XCVersionGroup;
			children = (
				CA0FDF5528064EE7006AF153 /* Final_Project_Guray.xcdatamodel */,
			);
			currentVersion = CA0FDF5528064EE7006AF153 /* Final_Project_Guray.xcdatamodel */;
			path = Final_Project_Guray.xcdatamodeld;
			sourceTree = "<group>";
			versionGroupType = wrapper.xcdatamodel;
		};
/* End XCVersionGroup section */
	};
	rootObject = CA0FDF4028064EE7006AF153 /* Project object */;
}
